// !$*UTF8*$!
{
	archiveVersion = 1;
	classes = {
	};
	objectVersion = 46;
	objects = {

/* Begin PBXBuildFile section */
		94C18B901A0FF66400A496BB /* AppDelegate.swift in Sources */ = {isa = PBXBuildFile; fileRef = 94C18B8F1A0FF66400A496BB /* AppDelegate.swift */; };
		94C18B921A0FF66400A496BB /* ViewController.swift in Sources */ = {isa = PBXBuildFile; fileRef = 94C18B911A0FF66400A496BB /* ViewController.swift */; };
		94C18B951A0FF66500A496BB /* Main.storyboard in Resources */ = {isa = PBXBuildFile; fileRef = 94C18B931A0FF66400A496BB /* Main.storyboard */; };
		94C18B971A0FF66500A496BB /* Images.xcassets in Resources */ = {isa = PBXBuildFile; fileRef = 94C18B961A0FF66500A496BB /* Images.xcassets */; };
		94C18B9A1A0FF66500A496BB /* LaunchScreen.xib in Resources */ = {isa = PBXBuildFile; fileRef = 94C18B981A0FF66500A496BB /* LaunchScreen.xib */; };
		94C18BA61A0FF66500A496BB /* getCurrentLocationTests.swift in Sources */ = {isa = PBXBuildFile; fileRef = 94C18BA51A0FF66500A496BB /* getCurrentLocationTests.swift */; };
/* End PBXBuildFile section */

/* Begin PBXContainerItemProxy section */
		94C18BA01A0FF66500A496BB /* PBXContainerItemProxy */ = {
			isa = PBXContainerItemProxy;
			containerPortal = 94C18B821A0FF66400A496BB /* Project object */;
			proxyType = 1;
			remoteGlobalIDString = 94C18B891A0FF66400A496BB;
			remoteInfo = getCurrentLocation;
		};
/* End PBXContainerItemProxy section */

/* Begin PBXFileReference section */
		94C18B8A1A0FF66400A496BB /* getCurrentLocation.app */ = {isa = PBXFileReference; explicitFileType = wrapper.application; includeInIndex = 0; path = getCurrentLocation.app; sourceTree = BUILT_PRODUCTS_DIR; };
		94C18B8E1A0FF66400A496BB /* Info.plist */ = {isa = PBXFileReference; lastKnownFileType = text.plist.xml; path = Info.plist; sourceTree = "<group>"; };
		94C18B8F1A0FF66400A496BB /* AppDelegate.swift */ = {isa = PBXFileReference; lastKnownFileType = sourcecode.swift; path = AppDelegate.swift; sourceTree = "<group>"; };
		94C18B911A0FF66400A496BB /* ViewController.swift */ = {isa = PBXFileReference; lastKnownFileType = sourcecode.swift; path = ViewController.swift; sourceTree = "<group>"; };
		94C18B941A0FF66500A496BB /* Base */ = {isa = PBXFileReference; lastKnownFileType = file.storyboard; name = Base; path = Base.lproj/Main.storyboard; sourceTree = "<group>"; };
		94C18B961A0FF66500A496BB /* Images.xcassets */ = {isa = PBXFileReference; lastKnownFileType = folder.assetcatalog; path = Images.xcassets; sourceTree = "<group>"; };
		94C18B991A0FF66500A496BB /* Base */ = {isa = PBXFileReference; lastKnownFileType = file.xib; name = Base; path = Base.lproj/LaunchScreen.xib; sourceTree = "<group>"; };
		94C18B9F1A0FF66500A496BB /* getCurrentLocationTests.xctest */ = {isa = PBXFileReference; explicitFileType = wrapper.cfbundle; includeInIndex = 0; path = getCurrentLocationTests.xctest; sourceTree = BUILT_PRODUCTS_DIR; };
		94C18BA41A0FF66500A496BB /* Info.plist */ = {isa = PBXFileReference; lastKnownFileType = text.plist.xml; path = Info.plist; sourceTree = "<group>"; };
		94C18BA51A0FF66500A496BB /* getCurrentLocationTests.swift */ = {isa = PBXFileReference; lastKnownFileType = sourcecode.swift; path = getCurrentLocationTests.swift; sourceTree = "<group>"; };
/* End PBXFileReference section */

/* Begin PBXFrameworksBuildPhase section */
		94C18B871A0FF66400A496BB /* Frameworks */ = {
			isa = PBXFrameworksBuildPhase;
			buildActionMask = 2147483647;
			files = (
			);
			runOnlyForDeploymentPostprocessing = 0;
		};
		94C18B9C1A0FF66500A496BB /* Frameworks */ = {
			isa = PBXFrameworksBuildPhase;
			buildActionMask = 2147483647;
			files = (
			);
			runOnlyForDeploymentPostprocessing = 0;
		};
/* End PBXFrameworksBuildPhase section */

/* Begin PBXGroup section */
		94C18B811A0FF66400A496BB = {
			isa = PBXGroup;
			children = (
				94C18B8C1A0FF66400A496BB /* getCurrentLocation */,
				94C18BA21A0FF66500A496BB /* getCurrentLocationTests */,
				94C18B8B1A0FF66400A496BB /* Products */,
			);
			sourceTree = "<group>";
		};
		94C18B8B1A0FF66400A496BB /* Products */ = {
			isa = PBXGroup;
			children = (
				94C18B8A1A0FF66400A496BB /* getCurrentLocation.app */,
				94C18B9F1A0FF66500A496BB /* getCurrentLocationTests.xctest */,
			);
			name = Products;
			sourceTree = "<group>";
		};
		94C18B8C1A0FF66400A496BB /* getCurrentLocation */ = {
			isa = PBXGroup;
			children = (
				94C18B8F1A0FF66400A496BB /* AppDelegate.swift */,
				94C18B911A0FF66400A496BB /* ViewController.swift */,
				94C18B931A0FF66400A496BB /* Main.storyboard */,
				94C18B961A0FF66500A496BB /* Images.xcassets */,
				94C18B981A0FF66500A496BB /* LaunchScreen.xib */,
				94C18B8D1A0FF66400A496BB /* Supporting Files */,
			);
			path = getCurrentLocation;
			sourceTree = "<group>";
		};
		94C18B8D1A0FF66400A496BB /* Supporting Files */ = {
			isa = PBXGroup;
			children = (
				94C18B8E1A0FF66400A496BB /* Info.plist */,
			);
			name = "Supporting Files";
			sourceTree = "<group>";
		};
		94C18BA21A0FF66500A496BB /* getCurrentLocationTests */ = {
			isa = PBXGroup;
			children = (
				94C18BA51A0FF66500A496BB /* getCurrentLocationTests.swift */,
				94C18BA31A0FF66500A496BB /* Supporting Files */,
			);
			path = getCurrentLocationTests;
			sourceTree = "<group>";
		};
		94C18BA31A0FF66500A496BB /* Supporting Files */ = {
			isa = PBXGroup;
			children = (
				94C18BA41A0FF66500A496BB /* Info.plist */,
			);
			name = "Supporting Files";
			sourceTree = "<group>";
		};
/* End PBXGroup section */

/* Begin PBXNativeTarget section */
		94C18B891A0FF66400A496BB /* getCurrentLocation */ = {
			isa = PBXNativeTarget;
			buildConfigurationList = 94C18BA91A0FF66500A496BB /* Build configuration list for PBXNativeTarget "getCurrentLocation" */;
			buildPhases = (
				94C18B861A0FF66400A496BB /* Sources */,
				94C18B871A0FF66400A496BB /* Frameworks */,
				94C18B881A0FF66400A496BB /* Resources */,
			);
			buildRules = (
			);
			dependencies = (
			);
			name = getCurrentLocation;
			productName = getCurrentLocation;
			productReference = 94C18B8A1A0FF66400A496BB /* getCurrentLocation.app */;
			productType = "com.apple.product-type.application";
		};
		94C18B9E1A0FF66500A496BB /* getCurrentLocationTests */ = {
			isa = PBXNativeTarget;
			buildConfigurationList = 94C18BAC1A0FF66500A496BB /* Build configuration list for PBXNativeTarget "getCurrentLocationTests" */;
			buildPhases = (
				94C18B9B1A0FF66500A496BB /* Sources */,
				94C18B9C1A0FF66500A496BB /* Frameworks */,
				94C18B9D1A0FF66500A496BB /* Resources */,
			);
			buildRules = (
			);
			dependencies = (
				94C18BA11A0FF66500A496BB /* PBXTargetDependency */,
			);
			name = getCurrentLocationTests;
			productName = getCurrentLocationTests;
			productReference = 94C18B9F1A0FF66500A496BB /* getCurrentLocationTests.xctest */;
			productType = "com.apple.product-type.bundle.unit-test";
		};
/* End PBXNativeTarget section */

/* Begin PBXProject section */
		94C18B821A0FF66400A496BB /* Project object */ = {
			isa = PBXProject;
			attributes = {
				LastUpgradeCheck = 0610;
				ORGANIZATIONNAME = "Mariem Ayadi";
				TargetAttributes = {
					94C18B891A0FF66400A496BB = {
						CreatedOnToolsVersion = 6.1;
					};
					94C18B9E1A0FF66500A496BB = {
						CreatedOnToolsVersion = 6.1;
						TestTargetID = 94C18B891A0FF66400A496BB;
					};
				};
			};
			buildConfigurationList = 94C18B851A0FF66400A496BB /* Build configuration list for PBXProject "getCurrentLocation" */;
			compatibilityVersion = "Xcode 3.2";
			developmentRegion = English;
			hasScannedForEncodings = 0;
			knownRegions = (
				en,
				Base,
			);
			mainGroup = 94C18B811A0FF66400A496BB;
			productRefGroup = 94C18B8B1A0FF66400A496BB /* Products */;
			projectDirPath = "";
			projectRoot = "";
			targets = (
				94C18B891A0FF66400A496BB /* getCurrentLocation */,
				94C18B9E1A0FF66500A496BB /* getCurrentLocationTests */,
			);
		};
/* End PBXProject section */

/* Begin PBXResourcesBuildPhase section */
		94C18B881A0FF66400A496BB /* Resources */ = {
			isa = PBXResourcesBuildPhase;
			buildActionMask = 2147483647;
			files = (
				94C18B951A0FF66500A496BB /* Main.storyboard in Resources */,
				94C18B9A1A0FF66500A496BB /* LaunchScreen.xib in Resources */,
				94C18B971A0FF66500A496BB /* Images.xcassets in Resources */,
			);
			runOnlyForDeploymentPostprocessing = 0;
		};
		94C18B9D1A0FF66500A496BB /* Resources */ = {
			isa = PBXResourcesBuildPhase;
			buildActionMask = 2147483647;
			files = (
			);
			runOnlyForDeploymentPostprocessing = 0;
		};
/* End PBXResourcesBuildPhase section */

/* Begin PBXSourcesBuildPhase section */
		94C18B861A0FF66400A496BB /* Sources */ = {
			isa = PBXSourcesBuildPhase;
			buildActionMask = 2147483647;
			files = (
				94C18B921A0FF66400A496BB /* ViewController.swift in Sources */,
				94C18B901A0FF66400A496BB /* AppDelegate.swift in Sources */,
			);
			runOnlyForDeploymentPostprocessing = 0;
		};
		94C18B9B1A0FF66500A496BB /* Sources */ = {
			isa = PBXSourcesBuildPhase;
			buildActionMask = 2147483647;
			files = (
				94C18BA61A0FF66500A496BB /* getCurrentLocationTests.swift in Sources */,
			);
			runOnlyForDeploymentPostprocessing = 0;
		};
/* End PBXSourcesBuildPhase section */

/* Begin PBXTargetDependency section */
		94C18BA11A0FF66500A496BB /* PBXTargetDependency */ = {
			isa = PBXTargetDependency;
			target = 94C18B891A0FF66400A496BB /* getCurrentLocation */;
			targetProxy = 94C18BA01A0FF66500A496BB /* PBXContainerItemProxy */;
		};
/* End PBXTargetDependency section */

/* Begin PBXVariantGroup section */
		94C18B931A0FF66400A496BB /* Main.storyboard */ = {
			isa = PBXVariantGroup;
			children = (
				94C18B941A0FF66500A496BB /* Base */,
			);
			name = Main.storyboard;
			sourceTree = "<group>";
		};
		94C18B981A0FF66500A496BB /* LaunchScreen.xib */ = {
			isa = PBXVariantGroup;
			children = (
				94C18B991A0FF66500A496BB /* Base */,
			);
			name = LaunchScreen.xib;
			sourceTree = "<group>";
		};
/* End PBXVariantGroup section */

/* Begin XCBuildConfiguration section */
		94C18BA71A0FF66500A496BB /* Debug */ = {
			isa = XCBuildConfiguration;
			buildSettings = {
				ALWAYS_SEARCH_USER_PATHS = NO;
				CLANG_CXX_LANGUAGE_STANDARD = "gnu++0x";
				CLANG_CXX_LIBRARY = "libc++";
				CLANG_ENABLE_MODULES = YES;
				CLANG_ENABLE_OBJC_ARC = YES;
				CLANG_WARN_BOOL_CONVERSION = YES;
				CLANG_WARN_CONSTANT_CONVERSION = YES;
				CLANG_WARN_DIRECT_OBJC_ISA_USAGE = YES_ERROR;
				CLANG_WARN_EMPTY_BODY = YES;
				CLANG_WARN_ENUM_CONVERSION = YES;
				CLANG_WARN_INT_CONVERSION = YES;
				CLANG_WARN_OBJC_ROOT_CLASS = YES_ERROR;
				CLANG_WARN_UNREACHABLE_CODE = YES;
				CLANG_WARN__DUPLICATE_METHOD_MATCH = YES;
				"CODE_SIGN_IDENTITY[sdk=iphoneos*]" = "iPhone Developer";
				COPY_PHASE_STRIP = NO;
				ENABLE_STRICT_OBJC_MSGSEND = YES;
				GCC_C_LANGUAGE_STANDARD = gnu99;
				GCC_DYNAMIC_NO_PIC = NO;
				GCC_OPTIMIZATION_LEVEL = 0;
				GCC_PREPROCESSOR_DEFINITIONS = (
					"DEBUG=1",
					"$(inherited)",
				);
				GCC_SYMBOLS_PRIVATE_EXTERN = NO;
				GCC_WARN_64_TO_32_BIT_CONVERSION = YES;
				GCC_WARN_ABOUT_RETURN_TYPE = YES_ERROR;
				GCC_WARN_UNDECLARED_SELECTOR = YES;
				GCC_WARN_UNINITIALIZED_AUTOS = YES_AGGRESSIVE;
				GCC_WARN_UNUSED_FUNCTION = YES;
				GCC_WARN_UNUSED_VARIABLE = YES;
				IPHONEOS_DEPLOYMENT_TARGET = 8.1;
				MTL_ENABLE_DEBUG_INFO = YES;
				ONLY_ACTIVE_ARCH = YES;
				SDKROOT = iphoneos;
				SWIFT_OPTIMIZATION_LEVEL = "-Onone";
			};
			name = Debug;
		};
		94C18BA81A0FF66500A496BB /* Release */ = {
			isa = XCBuildConfiguration;
			buildSettings = {
				ALWAYS_SEARCH_USER_PATHS = NO;
				CLANG_CXX_LANGUAGE_STANDARD = "gnu++0x";
				CLANG_CXX_LIBRARY = "libc++";
				CLANG_ENABLE_MODULES = YES;
				CLANG_ENABLE_OBJC_ARC = YES;
				CLANG_WARN_BOOL_CONVERSION = YES;
				CLANG_WARN_CONSTANT_CONVERSION = YES;
				CLANG_WARN_DIRECT_OBJC_ISA_USAGE = YES_ERROR;
				CLANG_WARN_EMPTY_BODY = YES;
				CLANG_WARN_ENUM_CONVERSION = YES;
				CLANG_WARN_INT_CONVERSION = YES;
				CLANG_WARN_OBJC_ROOT_CLASS = YES_ERROR;
				CLANG_WARN_UNREACHABLE_CODE = YES;
				CLANG_WARN__DUPLICATE_METHOD_MATCH = YES;
				"CODE_SIGN_IDENTITY[sdk=iphoneos*]" = "iPhone Developer";
				COPY_PHASE_STRIP = YES;
				ENABLE_NS_ASSERTIONS = NO;
				ENABLE_STRICT_OBJC_MSGSEND = YES;
				GCC_C_LANGUAGE_STANDARD = gnu99;
				GCC_WARN_64_TO_32_BIT_CONVERSION = YES;
				GCC_WARN_ABOUT_RETURN_TYPE = YES_ERROR;
				GCC_WARN_UNDECLARED_SELECTOR = YES;
				GCC_WARN_UNINITIALIZED_AUTOS = YES_AGGRESSIVE;
				GCC_WARN_UNUSED_FUNCTION = YES;
				GCC_WARN_UNUSED_VARIABLE = YES;
				IPHONEOS_DEPLOYMENT_TARGET = 8.1;
				MTL_ENABLE_DEBUG_INFO = NO;
				SDKROOT = iphoneos;
				VALIDATE_PRODUCT = YES;
			};
			name = Release;
		};
		94C18BAA1A0FF66500A496BB /* Debug */ = {
			isa = XCBuildConfiguration;
			buildSettings = {
				ASSETCATALOG_COMPILER_APPICON_NAME = AppIcon;
				INFOPLIST_FILE = getCurrentLocation/Info.plist;
				LD_RUNPATH_SEARCH_PATHS = "$(inherited) @executable_path/Frameworks";
				PRODUCT_NAME = "$(TARGET_NAME)";
			};
			name = Debug;
		};
		94C18BAB1A0FF66500A496BB /* Release */ = {
			isa = XCBuildConfiguration;
			buildSettings = {
				ASSETCATALOG_COMPILER_APPICON_NAME = AppIcon;
				INFOPLIST_FILE = getCurrentLocation/Info.plist;
				LD_RUNPATH_SEARCH_PATHS = "$(inherited) @executable_path/Frameworks";
				PRODUCT_NAME = "$(TARGET_NAME)";
			};
			name = Release;
		};
		94C18BAD1A0FF66500A496BB /* Debug */ = {
			isa = XCBuildConfiguration;
			buildSettings = {
				BUNDLE_LOADER = "$(TEST_HOST)";
				FRAMEWORK_SEARCH_PATHS = (
					"$(SDKROOT)/Developer/Library/Frameworks",
					"$(inherited)",
				);
				GCC_PREPROCESSOR_DEFINITIONS = (
					"DEBUG=1",
					"$(inherited)",
				);
				INFOPLIST_FILE = getCurrentLocationTests/Info.plist;
				LD_RUNPATH_SEARCH_PATHS = "$(inherited) @executable_path/Frameworks @loader_path/Frameworks";
				PRODUCT_NAME = "$(TARGET_NAME)";
				TEST_HOST = "$(BUILT_PRODUCTS_DIR)/getCurrentLocation.app/getCurrentLocation";
			};
			name = Debug;
		};
		94C18BAE1A0FF66500A496BB /* Release */ = {
			isa = XCBuildConfiguration;
			buildSettings = {
				BUNDLE_LOADER = "$(TEST_HOST)";
				FRAMEWORK_SEARCH_PATHS = (
					"$(SDKROOT)/Developer/Library/Frameworks",
					"$(inherited)",
				);
				INFOPLIST_FILE = getCurrentLocationTests/Info.plist;
				LD_RUNPATH_SEARCH_PATHS = "$(inherited) @executable_path/Frameworks @loader_path/Frameworks";
				PRODUCT_NAME = "$(TARGET_NAME)";
				TEST_HOST = "$(BUILT_PRODUCTS_DIR)/getCurrentLocation.app/getCurrentLocation";
			};
			name = Release;
		};
/* End XCBuildConfiguration section */

/* Begin XCConfigurationList section */
		94C18B851A0FF66400A496BB /* Build configuration list for PBXProject "getCurrentLocation" */ = {
			isa = XCConfigurationList;
			buildConfigurations = (
				94C18BA71A0FF66500A496BB /* Debug */,
				94C18BA81A0FF66500A496BB /* Release */,
			);
			defaultConfigurationIsVisible = 0;
			defaultConfigurationName = Release;
		};
		94C18BA91A0FF66500A496BB /* Build configuration list for PBXNativeTarget "getCurrentLocation" */ = {
			isa = XCConfigurationList;
			buildConfigurations = (
				94C18BAA1A0FF66500A496BB /* Debug */,
				94C18BAB1A0FF66500A496BB /* Release */,
			);
			defaultConfigurationIsVisible = 0;
		};
		94C18BAC1A0FF66500A496BB /* Build configuration list for PBXNativeTarget "getCurrentLocationTests" */ = {
			isa = XCConfigurationList;
			buildConfigurations = (
				94C18BAD1A0FF66500A496BB /* Debug */,
				94C18BAE1A0FF66500A496BB /* Release */,
			);
			defaultConfigurationIsVisible = 0;
		};
/* End XCConfigurationList section */
	};
	rootObject = 94C18B821A0FF66400A496BB /* Project object */;
}
